{
  "requires": true,
  "lockfileVersion": 1,
  "dependencies": {
    "country-flag-icons": {
      "version": "1.2.9",
      "resolved": "https://registry.npmjs.org/country-flag-icons/-/country-flag-icons-1.2.9.tgz",
      "integrity": "sha512-qn1cKt9PJrghEb1IbyIIqHcvNLPJ8mul0lbz6lFSBmzbGqYC38PJ4wPSIT0gV/iB/DbPylHE04zJNedrj1BXvA=="
    }
  }
}
